# generated by rye
# use `rye lock` or `rye sync` to update this lockfile
#
# last locked with the following flags:
#   pre: false
#   features: []
#   all-features: true
#   with-sources: true

--index-url https://pypi.org/simple/

-e file:.
annotated-types==0.6.0
    # via pydantic
anyio==4.3.0
    # via httpx
    # via starlette
    # via watchfiles
certifi==2024.2.2
    # via httpcore
    # via httpx
click==8.1.7
    # via uvicorn
dnspython==2.6.1
    # via email-validator
email-validator==2.1.1
    # via fastapi
fastapi==0.110.0
    # via rss-manager
feedparser==6.0.11
    # via rss-manager
h11==0.14.0
    # via httpcore
    # via uvicorn
httpcore==1.0.5
    # via httpx
httptools==0.6.1
    # via uvicorn
httpx==0.27.0
    # via fastapi
idna==3.6
    # via anyio
    # via email-validator
    # via httpx
itsdangerous==2.1.2
    # via fastapi
jinja2==3.1.3
    # via fastapi
    # via rss-manager
markupsafe==2.1.5
    # via jinja2
orjson==3.10.0
    # via fastapi
pydantic==2.6.4
    # via fastapi
    # via pydantic-extra-types
    # via pydantic-settings
pydantic-core==2.16.3
    # via pydantic
pydantic-extra-types==2.6.0
    # via fastapi
pydantic-settings==2.2.1
    # via fastapi
python-dotenv==1.0.1
    # via pydantic-settings
    # via uvicorn
python-multipart==0.0.9
    # via fastapi
    # via rss-manager
pyyaml==6.0.1
    # via fastapi
    # via uvicorn
sgmllib3k==1.0.0
    # via feedparser
sniffio==1.3.1
    # via anyio
    # via httpx
sqlalchemy==2.0.29
    # via rss-manager
starlette==0.36.3
    # via fastapi
typing-extensions==4.10.0
    # via fastapi
    # via pydantic
    # via pydantic-core
    # via sqlalchemy
ujson==5.9.0
    # via fastapi
uvicorn==0.29.0
    # via fastapi
    # via rss-manager
uvloop==0.19.0
    # via uvicorn
watchfiles==0.21.0
    # via uvicorn
websockets==12.0
    # via uvicorn
